
Microsoft Visual Studio Solution File, Format Version 12.00
# Visual Studio Version 17
VisualStudioVersion = 17.10.35013.160
MinimumVisualStudioVersion = 10.0.40219.1
Project("{FAE04EC0-301F-11D3-BF4B-00C04F79EFBC}") = "GitUtility", "GitUtility.csproj", "{79358578-B0DD-4D3E-B9FB-76D199AF41A3}"
EndProject
Global
	GlobalSection(SolutionConfigurationPlatforms) = preSolution
		Debug|Any CPU = Debug|Any CPU
		Release|Any CPU = Release|Any CPU
	EndGlobalSection
	GlobalSection(ProjectConfigurationPlatforms) = postSolution
		{79358578-B0DD-4D3E-B9FB-76D199AF41A3}.Debug|Any CPU.ActiveCfg = Debug|Any CPU
		{79358578-B0DD-4D3E-B9FB-76D199AF41A3}.Debug|Any CPU.Build.0 = Debug|Any CPU
		{79358578-B0DD-4D3E-B9FB-76D199AF41A3}.Release|Any CPU.ActiveCfg = Release|Any CPU
		{79358578-B0DD-4D3E-B9FB-76D199AF41A3}.Release|Any CPU.Build.0 = Release|Any CPU
	EndGlobalSection
	GlobalSection(SolutionProperties) = preSolution
		HideSolutionNode = FALSE
	EndGlobalSection
	GlobalSection(ExtensibilityGlobals) = postSolution
		SolutionGuid = {1DC6B9E4-A7FA-4C92-B1F3-BE30EE89B220}
	EndGlobalSection
EndGlobal
